#!r6rs ; -*- mode: scheme; coding: utf-8 -*-
;; This file is automatically generated - do not change it by hand.
(import (akku format lockfile))
(projects
  ((name "struct-pack")
    (location
      (git "https://github.com/weinholt/struct-pack.git"))
    (tag "v1.1.1")
    (revision "11b71963793ed4a3bf761efdd83cf2fe123239ee"))
  ((name "machine-code")
    (location
      (git "https://github.com/weinholt/machine-code.git"))
    (tag "v2.1.0")
    (revision "051e36b195c4b422a15df9eec25820a3692897e0")))
