#!r6rs ; -*- mode: scheme; coding: utf-8 -*-
;; This file is automatically generated - do not change it by hand.
(import (akku format lockfile))
(projects
  ((name "loko-drivers")
    (location (git "https://gitlab.com/weinholt/loko-drivers"))
    (revision "96e5c707011d6453b64c9d87d31e763351121a8f")))
